
Microsoft Visual Studio Solution File, Format Version 12.00
# Visual Studio Version 17
VisualStudioVersion = 17.7.34221.43
MinimumVisualStudioVersion = 10.0.40219.1
Project("{8BC9CEB8-8B4A-11D0-8D11-00A0C91BC942}") = "DurkGame", "DurkGame\DurkGame.vcxproj", "{C8039DE4-2274-4BAB-868B-A6151876B0F0}"
EndProject
Project("{8BC9CEB8-8B4A-11D0-8D11-00A0C91BC942}") = "NewGame", "..\NewGame\NewGame\NewGame.vcxproj", "{C10D201C-0003-4857-94C7-E55EC0ABBB52}"
	ProjectSection(ProjectDependencies) = postProject
		{C8039DE4-2274-4BAB-868B-A6151876B0F0} = {C8039DE4-2274-4BAB-868B-A6151876B0F0}
	EndProjectSection
EndProject
Global
	GlobalSection(SolutionConfigurationPlatforms) = preSolution
		Debug|x64 = Debug|x64
		Debug|x86 = Debug|x86
		Release|x64 = Release|x64
		Release|x86 = Release|x86
	EndGlobalSection
	GlobalSection(ProjectConfigurationPlatforms) = postSolution
		{C8039DE4-2274-4BAB-868B-A6151876B0F0}.Debug|x64.ActiveCfg = Debug|x64
		{C8039DE4-2274-4BAB-868B-A6151876B0F0}.Debug|x64.Build.0 = Debug|x64
		{C8039DE4-2274-4BAB-868B-A6151876B0F0}.Debug|x86.ActiveCfg = Debug|Win32
		{C8039DE4-2274-4BAB-868B-A6151876B0F0}.Debug|x86.Build.0 = Debug|Win32
		{C8039DE4-2274-4BAB-868B-A6151876B0F0}.Release|x64.ActiveCfg = Release|x64
		{C8039DE4-2274-4BAB-868B-A6151876B0F0}.Release|x64.Build.0 = Release|x64
		{C8039DE4-2274-4BAB-868B-A6151876B0F0}.Release|x86.ActiveCfg = Release|Win32
		{C8039DE4-2274-4BAB-868B-A6151876B0F0}.Release|x86.Build.0 = Release|Win32
		{C10D201C-0003-4857-94C7-E55EC0ABBB52}.Debug|x64.ActiveCfg = Debug|x64
		{C10D201C-0003-4857-94C7-E55EC0ABBB52}.Debug|x64.Build.0 = Debug|x64
		{C10D201C-0003-4857-94C7-E55EC0ABBB52}.Debug|x86.ActiveCfg = Debug|Win32
		{C10D201C-0003-4857-94C7-E55EC0ABBB52}.Debug|x86.Build.0 = Debug|Win32
		{C10D201C-0003-4857-94C7-E55EC0ABBB52}.Release|x64.ActiveCfg = Release|x64
		{C10D201C-0003-4857-94C7-E55EC0ABBB52}.Release|x64.Build.0 = Release|x64
		{C10D201C-0003-4857-94C7-E55EC0ABBB52}.Release|x86.ActiveCfg = Release|Win32
		{C10D201C-0003-4857-94C7-E55EC0ABBB52}.Release|x86.Build.0 = Release|Win32
	EndGlobalSection
	GlobalSection(SolutionProperties) = preSolution
		HideSolutionNode = FALSE
	EndGlobalSection
	GlobalSection(ExtensibilityGlobals) = postSolution
		SolutionGuid = {47E277C4-8B29-48A3-A642-B074D64BED9A}
	EndGlobalSection
EndGlobal
