{
  "name": "docs",
  "lockfileVersion": 3,
  "requires": true,
  "packages": {
    "": {
      "dependencies": {
        "@docsearch/css": "^3.8.0"
      }
    },
    "node_modules/@docsearch/css": {
      "version": "3.8.0",
      "resolved": "https://registry.npmjs.org/@docsearch/css/-/css-3.8.0.tgz",
      "integrity": "sha512-pieeipSOW4sQ0+bE5UFC51AOZp9NGxg89wAlZ1BAQFaiRAGK1IKUaPQ0UGZeNctJXyqZ1UvBtOQh2HH+U5GtmA==",
      "license": "MIT"
    }
  }
}
